# This file is generated by running "yarn install" inside your project.
# Manual changes might be lost - proceed with caution!

__metadata:
  version: 8
  cacheKey: 10c0

"@types/fs-extra@npm:^11.0.4":
  version: 11.0.4
  resolution: "@types/fs-extra@npm:11.0.4"
  dependencies:
    "@types/jsonfile": "npm:*"
    "@types/node": "npm:*"
  checksum: 10c0/9e34f9b24ea464f3c0b18c3f8a82aefc36dc524cc720fc2b886e5465abc66486ff4e439ea3fb2c0acebf91f6d3f74e514f9983b1f02d4243706bdbb7511796ad
  languageName: node
  linkType: hard

"@types/jsonfile@npm:*":
  version: 6.1.4
  resolution: "@types/jsonfile@npm:6.1.4"
  dependencies:
    "@types/node": "npm:*"
  checksum: 10c0/b12d068b021e4078f6ac4441353965769be87acf15326173e2aea9f3bf8ead41bd0ad29421df5bbeb0123ec3fc02eb0a734481d52903704a1454a1845896b9eb
  languageName: node
  linkType: hard

"@types/node@npm:*, @types/node@npm:^24.9.2":
  version: 24.9.2
  resolution: "@types/node@npm:24.9.2"
  dependencies:
    undici-types: "npm:~7.16.0"
  checksum: 10c0/7905d43f65cee72ef475fe76316e10bbf6ac5d08a7f0f6c38f2b6285d7ca3009e8fcafc8f8a1d2bf3f55889c9c278dbb203a9081fd0cf2d6d62161703924c6fa
  languageName: node
  linkType: hard

"__prompts@workspace:.":
  version: 0.0.0-use.local
  resolution: "__prompts@workspace:."
  dependencies:
    "@types/fs-extra": "npm:^11.0.4"
    "@types/node": "npm:^24.9.2"
    chokidar: "npm:^4.0.3"
    fs-extra: "npm:^11.3.2"
    path: "npm:^0.12.7"
    typescript: "npm:^5.9.3"
  languageName: unknown
  linkType: soft

"chokidar@npm:^4.0.3":
  version: 4.0.3
  resolution: "chokidar@npm:4.0.3"
  dependencies:
    readdirp: "npm:^4.0.1"
  checksum: 10c0/a58b9df05bb452f7d105d9e7229ac82fa873741c0c40ddcc7bb82f8a909fbe3f7814c9ebe9bc9a2bef9b737c0ec6e2d699d179048ef06ad3ec46315df0ebe6ad
  languageName: node
  linkType: hard

"fs-extra@npm:^11.3.2":
  version: 11.3.2
  resolution: "fs-extra@npm:11.3.2"
  dependencies:
    graceful-fs: "npm:^4.2.0"
    jsonfile: "npm:^6.0.1"
    universalify: "npm:^2.0.0"
  checksum: 10c0/f5d629e1bb646d5dedb4d8b24c5aad3deb8cc1d5438979d6f237146cd10e113b49a949ae1b54212c2fbc98e2d0995f38009a9a1d0520f0287943335e65fe919b
  languageName: node
  linkType: hard

"graceful-fs@npm:^4.1.6, graceful-fs@npm:^4.2.0":
  version: 4.2.11
  resolution: "graceful-fs@npm:4.2.11"
  checksum: 10c0/386d011a553e02bc594ac2ca0bd6d9e4c22d7fa8cfbfc448a6d148c59ea881b092db9dbe3547ae4b88e55f1b01f7c4a2ecc53b310c042793e63aa44cf6c257f2
  languageName: node
  linkType: hard

"inherits@npm:2.0.3":
  version: 2.0.3
  resolution: "inherits@npm:2.0.3"
  checksum: 10c0/6e56402373149ea076a434072671f9982f5fad030c7662be0332122fe6c0fa490acb3cc1010d90b6eff8d640b1167d77674add52dfd1bb85d545cf29e80e73e7
  languageName: node
  linkType: hard

"jsonfile@npm:^6.0.1":
  version: 6.2.0
  resolution: "jsonfile@npm:6.2.0"
  dependencies:
    graceful-fs: "npm:^4.1.6"
    universalify: "npm:^2.0.0"
  dependenciesMeta:
    graceful-fs:
      optional: true
  checksum: 10c0/7f4f43b08d1869ded8a6822213d13ae3b99d651151d77efd1557ced0889c466296a7d9684e397bd126acf5eb2cfcb605808c3e681d0fdccd2fe5a04b47e76c0d
  languageName: node
  linkType: hard

"path@npm:^0.12.7":
  version: 0.12.7
  resolution: "path@npm:0.12.7"
  dependencies:
    process: "npm:^0.11.1"
    util: "npm:^0.10.3"
  checksum: 10c0/f795ce5438a988a590c7b6dfd450ec9baa1c391a8be4c2dea48baa6e0f5b199e56cd83b8c9ebf3991b81bea58236d2c32bdafe2c17a2e70c3a2e4c69891ade59
  languageName: node
  linkType: hard

"process@npm:^0.11.1":
  version: 0.11.10
  resolution: "process@npm:0.11.10"
  checksum: 10c0/40c3ce4b7e6d4b8c3355479df77aeed46f81b279818ccdc500124e6a5ab882c0cc81ff7ea16384873a95a74c4570b01b120f287abbdd4c877931460eca6084b3
  languageName: node
  linkType: hard

"readdirp@npm:^4.0.1":
  version: 4.1.2
  resolution: "readdirp@npm:4.1.2"
  checksum: 10c0/60a14f7619dec48c9c850255cd523e2717001b0e179dc7037cfa0895da7b9e9ab07532d324bfb118d73a710887d1e35f79c495fa91582784493e085d18c72c62
  languageName: node
  linkType: hard

"typescript@npm:^5.9.3":
  version: 5.9.3
  resolution: "typescript@npm:5.9.3"
  bin:
    tsc: bin/tsc
    tsserver: bin/tsserver
  checksum: 10c0/6bd7552ce39f97e711db5aa048f6f9995b53f1c52f7d8667c1abdc1700c68a76a308f579cd309ce6b53646deb4e9a1be7c813a93baaf0a28ccd536a30270e1c5
  languageName: node
  linkType: hard

"typescript@patch:typescript@npm%3A^5.9.3#optional!builtin<compat/typescript>":
  version: 5.9.3
  resolution: "typescript@patch:typescript@npm%3A5.9.3#optional!builtin<compat/typescript>::version=5.9.3&hash=5786d5"
  bin:
    tsc: bin/tsc
    tsserver: bin/tsserver
  checksum: 10c0/ad09fdf7a756814dce65bc60c1657b40d44451346858eea230e10f2e95a289d9183b6e32e5c11e95acc0ccc214b4f36289dcad4bf1886b0adb84d711d336a430
  languageName: node
  linkType: hard

"undici-types@npm:~7.16.0":
  version: 7.16.0
  resolution: "undici-types@npm:7.16.0"
  checksum: 10c0/3033e2f2b5c9f1504bdc5934646cb54e37ecaca0f9249c983f7b1fc2e87c6d18399ebb05dc7fd5419e02b2e915f734d872a65da2e3eeed1813951c427d33cc9a
  languageName: node
  linkType: hard

"universalify@npm:^2.0.0":
  version: 2.0.1
  resolution: "universalify@npm:2.0.1"
  checksum: 10c0/73e8ee3809041ca8b818efb141801a1004e3fc0002727f1531f4de613ea281b494a40909596dae4a042a4fb6cd385af5d4db2e137b1362e0e91384b828effd3a
  languageName: node
  linkType: hard

"util@npm:^0.10.3":
  version: 0.10.4
  resolution: "util@npm:0.10.4"
  dependencies:
    inherits: "npm:2.0.3"
  checksum: 10c0/d29f6893e406b63b088ce9924da03201df89b31490d4d011f1c07a386ea4b3dbe907464c274023c237da470258e1805d806c7e4009a5974cd6b1d474b675852a
  languageName: node
  linkType: hard
